
Microsoft Visual Studio Solution File, Format Version 12.00
# Visual Studio Version 16
VisualStudioVersion = 16.0.29424.173
MinimumVisualStudioVersion = 15.0.26124.0
Project("{2150E333-8FDC-42A3-9474-1A3956D46DE8}") = "Solution Items", "Solution Items", "{69CCCCD4-B3BF-4882-8B20-AC3548E642A4}"
	ProjectSection(SolutionItems) = preProject
		Issues.md = Issues.md
		LICENSE.md = LICENSE.md
		push.cmd = push.cmd
		README-CN.md = README-CN.md
		README.md = README.md
	EndProjectSection
EndProject
Project("{9A19103F-16F7-4668-BE54-9A1E7A4F7556}") = "dotnet-orm", "dotnet-orm\dotnet-orm.csproj", "{169DD0CA-A26D-4EBE-AF62-E2CF944764D6}"
EndProject
Project("{9A19103F-16F7-4668-BE54-9A1E7A4F7556}") = "LinqSharp", "LinqSharp\LinqSharp.csproj", "{A87540D1-D6D8-4D7A-9F50-49F845F52E0C}"
EndProject
Project("{D954291E-2A0B-460D-934E-DC6B0785DB48}") = "LinqSharp.Dev - Shared", "LinqSharp.Dev - Shared\LinqSharp.Dev - Shared.shproj", "{D0E01AC5-AAD3-41F6-B5D2-C5B024D7AB89}"
EndProject
Project("{2150E333-8FDC-42A3-9474-1A3956D46DE8}") = "DbCreators", "DbCreators", "{2DA2AA16-9266-48CE-8EDE-088BBF83A70C}"
EndProject
Project("{2150E333-8FDC-42A3-9474-1A3956D46DE8}") = "LinqSharp.EFCore.MySql", "LinqSharp.EFCore.MySql", "{4B7F020B-D473-4EBB-A08C-7FA16A47E2CF}"
EndProject
Project("{2150E333-8FDC-42A3-9474-1A3956D46DE8}") = "LinqSharp.EFCore.Test", "LinqSharp.EFCore.Test", "{6519DE43-5391-45BE-9436-5366955616B1}"
EndProject
Project("{2150E333-8FDC-42A3-9474-1A3956D46DE8}") = "LinqSharp.EFCore", "LinqSharp.EFCore", "{4643D67F-F9F7-4E6C-B5FC-F4ABED43357B}"
EndProject
Project("{D954291E-2A0B-460D-934E-DC6B0785DB48}") = "LinqSharp.EFCore - Shared", "LinqSharp.EFCore\LinqSharp.EFCore - Shared\LinqSharp.EFCore - Shared.shproj", "{C05E5C78-0DE2-4D86-A1CA-5421CD6B4F47}"
EndProject
Project("{9A19103F-16F7-4668-BE54-9A1E7A4F7556}") = "LinqSharp.EFCore - EF2.x", "LinqSharp.EFCore\LinqSharp.EFCore - EF2.x\LinqSharp.EFCore - EF2.x.csproj", "{F647F50B-08E6-4E82-BB9D-A8E64ECE87E4}"
EndProject
Project("{9A19103F-16F7-4668-BE54-9A1E7A4F7556}") = "LinqSharp.EFCore - EF3.0", "LinqSharp.EFCore\LinqSharp.EFCore - EF3.0\LinqSharp.EFCore - EF3.0.csproj", "{B89751A3-9DDB-4007-87B7-941AC3453C55}"
EndProject
Project("{9A19103F-16F7-4668-BE54-9A1E7A4F7556}") = "LinqSharp.EFCore - EF3.1", "LinqSharp.EFCore\LinqSharp.EFCore - EF3.1\LinqSharp.EFCore - EF3.1.csproj", "{DBE972EB-A93A-4242-A5F3-5432BFC4A315}"
EndProject
Project("{9A19103F-16F7-4668-BE54-9A1E7A4F7556}") = "LinqSharp.EFCore.MySql - EF2.x", "LinqSharp.EFCore.MySql\LinqSharp.EFCore.MySql - EF2.x\LinqSharp.EFCore.MySql - EF2.x.csproj", "{59D00D40-290E-4BA1-8D0D-C2A936D66D56}"
EndProject
Project("{9A19103F-16F7-4668-BE54-9A1E7A4F7556}") = "LinqSharp.EFCore.MySql - EF3.0", "LinqSharp.EFCore.MySql\LinqSharp.EFCore.MySql - EF3.0\LinqSharp.EFCore.MySql - EF3.0.csproj", "{FF03696C-70F6-4DC8-B254-3FDF8B55EBD1}"
EndProject
Project("{9A19103F-16F7-4668-BE54-9A1E7A4F7556}") = "LinqSharp.EFCore.MySql - EF3.1", "LinqSharp.EFCore.MySql\LinqSharp.EFCore.MySql - EF3.1\LinqSharp.EFCore.MySql - EF3.1.csproj", "{F18856E0-1DDF-47D8-82BD-547A599F58B1}"
EndProject
Project("{D954291E-2A0B-460D-934E-DC6B0785DB48}") = "LinqSharp.EFCore.MySql - Shared", "LinqSharp.EFCore.MySql\LinqSharp.EFCore.MySql - Shared\LinqSharp.EFCore.MySql - Shared.shproj", "{40C448CA-BF56-4C65-9D86-FC58F187525E}"
EndProject
Project("{9A19103F-16F7-4668-BE54-9A1E7A4F7556}") = "DbCreator.MySql", "LinqSharp.EFCore.Test\DbCreators\DbCreator.MySql\DbCreator.MySql.csproj", "{ABA8683F-B5CE-4AE5-BC35-7AE81C7127EE}"
EndProject
Project("{9A19103F-16F7-4668-BE54-9A1E7A4F7556}") = "DbCreator.SqlServer", "LinqSharp.EFCore.Test\DbCreators\DbCreator.SqlServer\DbCreator.SqlServer.csproj", "{00CADDF9-B8F8-43EF-92A4-542823B5F919}"
EndProject
Project("{9A19103F-16F7-4668-BE54-9A1E7A4F7556}") = "LinqSharp.EFCore.Test - EF2.x", "LinqSharp.EFCore.Test\LinqSharp.EFCore.Test - EF2.x\LinqSharp.EFCore.Test - EF2.x.csproj", "{2470929C-EA74-4275-A258-34BB5B2B67FD}"
EndProject
Project("{9A19103F-16F7-4668-BE54-9A1E7A4F7556}") = "LinqSharp.EFCore.Test - EF3.0", "LinqSharp.EFCore.Test\LinqSharp.EFCore.Test - EF3.0\LinqSharp.EFCore.Test - EF3.0.csproj", "{59FE4CC4-7BCC-4CF3-83C4-B4DFC07E0714}"
EndProject
Project("{9A19103F-16F7-4668-BE54-9A1E7A4F7556}") = "LinqSharp.EFCore.Test - EF3.1", "LinqSharp.EFCore.Test\LinqSharp.EFCore.Test - EF3.1\LinqSharp.EFCore.Test - EF3.1.csproj", "{DF9A0E49-A749-4114-B7E5-5A0FEA614C51}"
EndProject
Project("{D954291E-2A0B-460D-934E-DC6B0785DB48}") = "LinqSharp.EFCore.Test - Shared", "LinqSharp.EFCore.Test\LinqSharp.EFCore.Test - Shared\LinqSharp.EFCore.Test - Shared.shproj", "{78FA23E2-57BF-4B94-AAB1-1006FB087701}"
EndProject
Project("{D954291E-2A0B-460D-934E-DC6B0785DB48}") = "LinqSharp.EFCore.Test - SharedData", "LinqSharp.EFCore.Test\LinqSharp.EFCore.Test - SharedData\LinqSharp.EFCore.Test - SharedData.shproj", "{D679BDA0-C06D-4115-BAE2-400FB62AFAAE}"
EndProject
Project("{2150E333-8FDC-42A3-9474-1A3956D46DE8}") = "LinqSharp.EFCore.SqlServer", "LinqSharp.EFCore.SqlServer", "{539CC126-2D54-4390-BB41-BD2EF03842C0}"
EndProject
Project("{D954291E-2A0B-460D-934E-DC6B0785DB48}") = "LinqSharp.EFCore.SqlServer - Shared", "LinqSharp.EFCore.SqlServer\LinqSharp.EFCore.SqlServer - Shared\LinqSharp.EFCore.SqlServer - Shared.shproj", "{D3CD0FF5-3E05-4725-B1FF-EC50AECE68C6}"
EndProject
Project("{9A19103F-16F7-4668-BE54-9A1E7A4F7556}") = "LinqSharp.EFCore.SqlServer - EF3.1", "LinqSharp.EFCore.SqlServer\LinqSharp.EFCore.SqlServer - EF3.1\LinqSharp.EFCore.SqlServer - EF3.1.csproj", "{E155AA07-9A80-463C-8E77-08C8214F024B}"
EndProject
Project("{9A19103F-16F7-4668-BE54-9A1E7A4F7556}") = "LinqSharp.EFCore.SqlServer - EF3.0", "LinqSharp.EFCore.SqlServer\LinqSharp.EFCore.SqlServer - EF3.0\LinqSharp.EFCore.SqlServer - EF3.0.csproj", "{30CDCB6C-627E-418E-A19E-DBA3847ADB28}"
EndProject
Project("{9A19103F-16F7-4668-BE54-9A1E7A4F7556}") = "LinqSharp.EFCore.SqlServer - EF2.x", "LinqSharp.EFCore.SqlServer\LinqSharp.EFCore.SqlServer - EF2.x\LinqSharp.EFCore.SqlServer - EF2.x.csproj", "{059CA671-88D5-4522-BCC7-BF74DC0D5E76}"
EndProject
Global
	GlobalSection(SharedMSBuildProjectFiles) = preSolution
		LinqSharp.EFCore.SqlServer\LinqSharp.EFCore.SqlServer - Shared\LinqSharp.EFCore.SqlServer - Shared.projitems*{059ca671-88d5-4522-bcc7-bf74dc0d5e76}*SharedItemsImports = 5
		LinqSharp.Dev - Shared\LinqSharp.Dev - Shared.projitems*{2470929c-ea74-4275-a258-34bb5b2b67fd}*SharedItemsImports = 5
		LinqSharp.EFCore.Test\LinqSharp.EFCore.Test - SharedData\LinqSharp.EFCore.Test - SharedData.projitems*{2470929c-ea74-4275-a258-34bb5b2b67fd}*SharedItemsImports = 5
		LinqSharp.EFCore.Test\LinqSharp.EFCore.Test - Shared\LinqSharp.EFCore.Test.projitems*{2470929c-ea74-4275-a258-34bb5b2b67fd}*SharedItemsImports = 5
		LinqSharp.EFCore.SqlServer\LinqSharp.EFCore.SqlServer - Shared\LinqSharp.EFCore.SqlServer - Shared.projitems*{30cdcb6c-627e-418e-a19e-dba3847adb28}*SharedItemsImports = 5
		LinqSharp.EFCore.MySql\LinqSharp.EFCore.MySql - Shared\LinqSharp.EFCore.MySql.projitems*{40c448ca-bf56-4c65-9d86-fc58f187525e}*SharedItemsImports = 13
		LinqSharp.EFCore.MySql\LinqSharp.EFCore.MySql - Shared\LinqSharp.EFCore.MySql.projitems*{59d00d40-290e-4ba1-8d0d-c2a936d66d56}*SharedItemsImports = 5
		LinqSharp.Dev - Shared\LinqSharp.Dev - Shared.projitems*{59fe4cc4-7bcc-4cf3-83c4-b4dfc07e0714}*SharedItemsImports = 5
		LinqSharp.EFCore.Test\LinqSharp.EFCore.Test - SharedData\LinqSharp.EFCore.Test - SharedData.projitems*{59fe4cc4-7bcc-4cf3-83c4-b4dfc07e0714}*SharedItemsImports = 5
		LinqSharp.EFCore.Test\LinqSharp.EFCore.Test - Shared\LinqSharp.EFCore.Test.projitems*{59fe4cc4-7bcc-4cf3-83c4-b4dfc07e0714}*SharedItemsImports = 5
		LinqSharp.EFCore.Test\LinqSharp.EFCore.Test - Shared\LinqSharp.EFCore.Test.projitems*{78fa23e2-57bf-4b94-aab1-1006fb087701}*SharedItemsImports = 13
		LinqSharp.EFCore\LinqSharp.EFCore - Shared\LinqSharp.EFCore.projitems*{b89751a3-9ddb-4007-87b7-941ac3453c55}*SharedItemsImports = 5
		LinqSharp.EFCore\LinqSharp.EFCore - Shared\LinqSharp.EFCore.projitems*{c05e5c78-0de2-4d86-a1ca-5421cd6b4f47}*SharedItemsImports = 13
		LinqSharp.Dev - Shared\LinqSharp.Dev - Shared.projitems*{d0e01ac5-aad3-41f6-b5d2-c5b024d7ab89}*SharedItemsImports = 13
		LinqSharp.EFCore.SqlServer\LinqSharp.EFCore.SqlServer - Shared\LinqSharp.EFCore.SqlServer - Shared.projitems*{d3cd0ff5-3e05-4725-b1ff-ec50aece68c6}*SharedItemsImports = 13
		LinqSharp.EFCore.Test\LinqSharp.EFCore.Test - SharedData\LinqSharp.EFCore.Test - SharedData.projitems*{d679bda0-c06d-4115-bae2-400fb62afaae}*SharedItemsImports = 13
		LinqSharp.EFCore\LinqSharp.EFCore - Shared\LinqSharp.EFCore.projitems*{dbe972eb-a93a-4242-a5f3-5432bfc4a315}*SharedItemsImports = 5
		LinqSharp.Dev - Shared\LinqSharp.Dev - Shared.projitems*{df9a0e49-a749-4114-b7e5-5a0fea614c51}*SharedItemsImports = 5
		LinqSharp.EFCore.Test\LinqSharp.EFCore.Test - SharedData\LinqSharp.EFCore.Test - SharedData.projitems*{df9a0e49-a749-4114-b7e5-5a0fea614c51}*SharedItemsImports = 5
		LinqSharp.EFCore.Test\LinqSharp.EFCore.Test - Shared\LinqSharp.EFCore.Test.projitems*{df9a0e49-a749-4114-b7e5-5a0fea614c51}*SharedItemsImports = 5
		LinqSharp.EFCore.SqlServer\LinqSharp.EFCore.SqlServer - Shared\LinqSharp.EFCore.SqlServer - Shared.projitems*{e155aa07-9a80-463c-8e77-08c8214f024b}*SharedItemsImports = 5
		LinqSharp.EFCore.MySql\LinqSharp.EFCore.MySql - Shared\LinqSharp.EFCore.MySql.projitems*{f18856e0-1ddf-47d8-82bd-547a599f58b1}*SharedItemsImports = 5
		LinqSharp.EFCore\LinqSharp.EFCore - Shared\LinqSharp.EFCore.projitems*{f647f50b-08e6-4e82-bb9d-a8e64ece87e4}*SharedItemsImports = 5
		LinqSharp.EFCore.MySql\LinqSharp.EFCore.MySql - Shared\LinqSharp.EFCore.MySql.projitems*{ff03696c-70f6-4dc8-b254-3fdf8b55ebd1}*SharedItemsImports = 5
	EndGlobalSection
	GlobalSection(SolutionConfigurationPlatforms) = preSolution
		Debug|Any CPU = Debug|Any CPU
		Debug|x64 = Debug|x64
		Debug|x86 = Debug|x86
		Release|Any CPU = Release|Any CPU
		Release|x64 = Release|x64
		Release|x86 = Release|x86
	EndGlobalSection
	GlobalSection(ProjectConfigurationPlatforms) = postSolution
		{169DD0CA-A26D-4EBE-AF62-E2CF944764D6}.Debug|Any CPU.ActiveCfg = Debug|Any CPU
		{169DD0CA-A26D-4EBE-AF62-E2CF944764D6}.Debug|Any CPU.Build.0 = Debug|Any CPU
		{169DD0CA-A26D-4EBE-AF62-E2CF944764D6}.Debug|x64.ActiveCfg = Debug|Any CPU
		{169DD0CA-A26D-4EBE-AF62-E2CF944764D6}.Debug|x64.Build.0 = Debug|Any CPU
		{169DD0CA-A26D-4EBE-AF62-E2CF944764D6}.Debug|x86.ActiveCfg = Debug|Any CPU
		{169DD0CA-A26D-4EBE-AF62-E2CF944764D6}.Debug|x86.Build.0 = Debug|Any CPU
		{169DD0CA-A26D-4EBE-AF62-E2CF944764D6}.Release|Any CPU.ActiveCfg = Release|Any CPU
		{169DD0CA-A26D-4EBE-AF62-E2CF944764D6}.Release|Any CPU.Build.0 = Release|Any CPU
		{169DD0CA-A26D-4EBE-AF62-E2CF944764D6}.Release|x64.ActiveCfg = Release|Any CPU
		{169DD0CA-A26D-4EBE-AF62-E2CF944764D6}.Release|x64.Build.0 = Release|Any CPU
		{169DD0CA-A26D-4EBE-AF62-E2CF944764D6}.Release|x86.ActiveCfg = Release|Any CPU
		{169DD0CA-A26D-4EBE-AF62-E2CF944764D6}.Release|x86.Build.0 = Release|Any CPU
		{A87540D1-D6D8-4D7A-9F50-49F845F52E0C}.Debug|Any CPU.ActiveCfg = Debug|Any CPU
		{A87540D1-D6D8-4D7A-9F50-49F845F52E0C}.Debug|Any CPU.Build.0 = Debug|Any CPU
		{A87540D1-D6D8-4D7A-9F50-49F845F52E0C}.Debug|x64.ActiveCfg = Debug|Any CPU
		{A87540D1-D6D8-4D7A-9F50-49F845F52E0C}.Debug|x64.Build.0 = Debug|Any CPU
		{A87540D1-D6D8-4D7A-9F50-49F845F52E0C}.Debug|x86.ActiveCfg = Debug|Any CPU
		{A87540D1-D6D8-4D7A-9F50-49F845F52E0C}.Debug|x86.Build.0 = Debug|Any CPU
		{A87540D1-D6D8-4D7A-9F50-49F845F52E0C}.Release|Any CPU.ActiveCfg = Release|Any CPU
		{A87540D1-D6D8-4D7A-9F50-49F845F52E0C}.Release|Any CPU.Build.0 = Release|Any CPU
		{A87540D1-D6D8-4D7A-9F50-49F845F52E0C}.Release|x64.ActiveCfg = Release|Any CPU
		{A87540D1-D6D8-4D7A-9F50-49F845F52E0C}.Release|x64.Build.0 = Release|Any CPU
		{A87540D1-D6D8-4D7A-9F50-49F845F52E0C}.Release|x86.ActiveCfg = Release|Any CPU
		{A87540D1-D6D8-4D7A-9F50-49F845F52E0C}.Release|x86.Build.0 = Release|Any CPU
		{F647F50B-08E6-4E82-BB9D-A8E64ECE87E4}.Debug|Any CPU.ActiveCfg = Debug|Any CPU
		{F647F50B-08E6-4E82-BB9D-A8E64ECE87E4}.Debug|Any CPU.Build.0 = Debug|Any CPU
		{F647F50B-08E6-4E82-BB9D-A8E64ECE87E4}.Debug|x64.ActiveCfg = Debug|Any CPU
		{F647F50B-08E6-4E82-BB9D-A8E64ECE87E4}.Debug|x64.Build.0 = Debug|Any CPU
		{F647F50B-08E6-4E82-BB9D-A8E64ECE87E4}.Debug|x86.ActiveCfg = Debug|Any CPU
		{F647F50B-08E6-4E82-BB9D-A8E64ECE87E4}.Debug|x86.Build.0 = Debug|Any CPU
		{F647F50B-08E6-4E82-BB9D-A8E64ECE87E4}.Release|Any CPU.ActiveCfg = Release|Any CPU
		{F647F50B-08E6-4E82-BB9D-A8E64ECE87E4}.Release|Any CPU.Build.0 = Release|Any CPU
		{F647F50B-08E6-4E82-BB9D-A8E64ECE87E4}.Release|x64.ActiveCfg = Release|Any CPU
		{F647F50B-08E6-4E82-BB9D-A8E64ECE87E4}.Release|x64.Build.0 = Release|Any CPU
		{F647F50B-08E6-4E82-BB9D-A8E64ECE87E4}.Release|x86.ActiveCfg = Release|Any CPU
		{F647F50B-08E6-4E82-BB9D-A8E64ECE87E4}.Release|x86.Build.0 = Release|Any CPU
		{B89751A3-9DDB-4007-87B7-941AC3453C55}.Debug|Any CPU.ActiveCfg = Debug|Any CPU
		{B89751A3-9DDB-4007-87B7-941AC3453C55}.Debug|Any CPU.Build.0 = Debug|Any CPU
		{B89751A3-9DDB-4007-87B7-941AC3453C55}.Debug|x64.ActiveCfg = Debug|Any CPU
		{B89751A3-9DDB-4007-87B7-941AC3453C55}.Debug|x64.Build.0 = Debug|Any CPU
		{B89751A3-9DDB-4007-87B7-941AC3453C55}.Debug|x86.ActiveCfg = Debug|Any CPU
		{B89751A3-9DDB-4007-87B7-941AC3453C55}.Debug|x86.Build.0 = Debug|Any CPU
		{B89751A3-9DDB-4007-87B7-941AC3453C55}.Release|Any CPU.ActiveCfg = Release|Any CPU
		{B89751A3-9DDB-4007-87B7-941AC3453C55}.Release|Any CPU.Build.0 = Release|Any CPU
		{B89751A3-9DDB-4007-87B7-941AC3453C55}.Release|x64.ActiveCfg = Release|Any CPU
		{B89751A3-9DDB-4007-87B7-941AC3453C55}.Release|x64.Build.0 = Release|Any CPU
		{B89751A3-9DDB-4007-87B7-941AC3453C55}.Release|x86.ActiveCfg = Release|Any CPU
		{B89751A3-9DDB-4007-87B7-941AC3453C55}.Release|x86.Build.0 = Release|Any CPU
		{DBE972EB-A93A-4242-A5F3-5432BFC4A315}.Debug|Any CPU.ActiveCfg = Debug|Any CPU
		{DBE972EB-A93A-4242-A5F3-5432BFC4A315}.Debug|Any CPU.Build.0 = Debug|Any CPU
		{DBE972EB-A93A-4242-A5F3-5432BFC4A315}.Debug|x64.ActiveCfg = Debug|Any CPU
		{DBE972EB-A93A-4242-A5F3-5432BFC4A315}.Debug|x64.Build.0 = Debug|Any CPU
		{DBE972EB-A93A-4242-A5F3-5432BFC4A315}.Debug|x86.ActiveCfg = Debug|Any CPU
		{DBE972EB-A93A-4242-A5F3-5432BFC4A315}.Debug|x86.Build.0 = Debug|Any CPU
		{DBE972EB-A93A-4242-A5F3-5432BFC4A315}.Release|Any CPU.ActiveCfg = Release|Any CPU
		{DBE972EB-A93A-4242-A5F3-5432BFC4A315}.Release|Any CPU.Build.0 = Release|Any CPU
		{DBE972EB-A93A-4242-A5F3-5432BFC4A315}.Release|x64.ActiveCfg = Release|Any CPU
		{DBE972EB-A93A-4242-A5F3-5432BFC4A315}.Release|x64.Build.0 = Release|Any CPU
		{DBE972EB-A93A-4242-A5F3-5432BFC4A315}.Release|x86.ActiveCfg = Release|Any CPU
		{DBE972EB-A93A-4242-A5F3-5432BFC4A315}.Release|x86.Build.0 = Release|Any CPU
		{59D00D40-290E-4BA1-8D0D-C2A936D66D56}.Debug|Any CPU.ActiveCfg = Debug|Any CPU
		{59D00D40-290E-4BA1-8D0D-C2A936D66D56}.Debug|Any CPU.Build.0 = Debug|Any CPU
		{59D00D40-290E-4BA1-8D0D-C2A936D66D56}.Debug|x64.ActiveCfg = Debug|Any CPU
		{59D00D40-290E-4BA1-8D0D-C2A936D66D56}.Debug|x64.Build.0 = Debug|Any CPU
		{59D00D40-290E-4BA1-8D0D-C2A936D66D56}.Debug|x86.ActiveCfg = Debug|Any CPU
		{59D00D40-290E-4BA1-8D0D-C2A936D66D56}.Debug|x86.Build.0 = Debug|Any CPU
		{59D00D40-290E-4BA1-8D0D-C2A936D66D56}.Release|Any CPU.ActiveCfg = Release|Any CPU
		{59D00D40-290E-4BA1-8D0D-C2A936D66D56}.Release|Any CPU.Build.0 = Release|Any CPU
		{59D00D40-290E-4BA1-8D0D-C2A936D66D56}.Release|x64.ActiveCfg = Release|Any CPU
		{59D00D40-290E-4BA1-8D0D-C2A936D66D56}.Release|x64.Build.0 = Release|Any CPU
		{59D00D40-290E-4BA1-8D0D-C2A936D66D56}.Release|x86.ActiveCfg = Release|Any CPU
		{59D00D40-290E-4BA1-8D0D-C2A936D66D56}.Release|x86.Build.0 = Release|Any CPU
		{FF03696C-70F6-4DC8-B254-3FDF8B55EBD1}.Debug|Any CPU.ActiveCfg = Debug|Any CPU
		{FF03696C-70F6-4DC8-B254-3FDF8B55EBD1}.Debug|Any CPU.Build.0 = Debug|Any CPU
		{FF03696C-70F6-4DC8-B254-3FDF8B55EBD1}.Debug|x64.ActiveCfg = Debug|Any CPU
		{FF03696C-70F6-4DC8-B254-3FDF8B55EBD1}.Debug|x64.Build.0 = Debug|Any CPU
		{FF03696C-70F6-4DC8-B254-3FDF8B55EBD1}.Debug|x86.ActiveCfg = Debug|Any CPU
		{FF03696C-70F6-4DC8-B254-3FDF8B55EBD1}.Debug|x86.Build.0 = Debug|Any CPU
		{FF03696C-70F6-4DC8-B254-3FDF8B55EBD1}.Release|Any CPU.ActiveCfg = Release|Any CPU
		{FF03696C-70F6-4DC8-B254-3FDF8B55EBD1}.Release|Any CPU.Build.0 = Release|Any CPU
		{FF03696C-70F6-4DC8-B254-3FDF8B55EBD1}.Release|x64.ActiveCfg = Release|Any CPU
		{FF03696C-70F6-4DC8-B254-3FDF8B55EBD1}.Release|x64.Build.0 = Release|Any CPU
		{FF03696C-70F6-4DC8-B254-3FDF8B55EBD1}.Release|x86.ActiveCfg = Release|Any CPU
		{FF03696C-70F6-4DC8-B254-3FDF8B55EBD1}.Release|x86.Build.0 = Release|Any CPU
		{F18856E0-1DDF-47D8-82BD-547A599F58B1}.Debug|Any CPU.ActiveCfg = Debug|Any CPU
		{F18856E0-1DDF-47D8-82BD-547A599F58B1}.Debug|Any CPU.Build.0 = Debug|Any CPU
		{F18856E0-1DDF-47D8-82BD-547A599F58B1}.Debug|x64.ActiveCfg = Debug|Any CPU
		{F18856E0-1DDF-47D8-82BD-547A599F58B1}.Debug|x64.Build.0 = Debug|Any CPU
		{F18856E0-1DDF-47D8-82BD-547A599F58B1}.Debug|x86.ActiveCfg = Debug|Any CPU
		{F18856E0-1DDF-47D8-82BD-547A599F58B1}.Debug|x86.Build.0 = Debug|Any CPU
		{F18856E0-1DDF-47D8-82BD-547A599F58B1}.Release|Any CPU.ActiveCfg = Release|Any CPU
		{F18856E0-1DDF-47D8-82BD-547A599F58B1}.Release|Any CPU.Build.0 = Release|Any CPU
		{F18856E0-1DDF-47D8-82BD-547A599F58B1}.Release|x64.ActiveCfg = Release|Any CPU
		{F18856E0-1DDF-47D8-82BD-547A599F58B1}.Release|x64.Build.0 = Release|Any CPU
		{F18856E0-1DDF-47D8-82BD-547A599F58B1}.Release|x86.ActiveCfg = Release|Any CPU
		{F18856E0-1DDF-47D8-82BD-547A599F58B1}.Release|x86.Build.0 = Release|Any CPU
		{ABA8683F-B5CE-4AE5-BC35-7AE81C7127EE}.Debug|Any CPU.ActiveCfg = Debug|Any CPU
		{ABA8683F-B5CE-4AE5-BC35-7AE81C7127EE}.Debug|Any CPU.Build.0 = Debug|Any CPU
		{ABA8683F-B5CE-4AE5-BC35-7AE81C7127EE}.Debug|x64.ActiveCfg = Debug|Any CPU
		{ABA8683F-B5CE-4AE5-BC35-7AE81C7127EE}.Debug|x64.Build.0 = Debug|Any CPU
		{ABA8683F-B5CE-4AE5-BC35-7AE81C7127EE}.Debug|x86.ActiveCfg = Debug|Any CPU
		{ABA8683F-B5CE-4AE5-BC35-7AE81C7127EE}.Debug|x86.Build.0 = Debug|Any CPU
		{ABA8683F-B5CE-4AE5-BC35-7AE81C7127EE}.Release|Any CPU.ActiveCfg = Release|Any CPU
		{ABA8683F-B5CE-4AE5-BC35-7AE81C7127EE}.Release|Any CPU.Build.0 = Release|Any CPU
		{ABA8683F-B5CE-4AE5-BC35-7AE81C7127EE}.Release|x64.ActiveCfg = Release|Any CPU
		{ABA8683F-B5CE-4AE5-BC35-7AE81C7127EE}.Release|x64.Build.0 = Release|Any CPU
		{ABA8683F-B5CE-4AE5-BC35-7AE81C7127EE}.Release|x86.ActiveCfg = Release|Any CPU
		{ABA8683F-B5CE-4AE5-BC35-7AE81C7127EE}.Release|x86.Build.0 = Release|Any CPU
		{00CADDF9-B8F8-43EF-92A4-542823B5F919}.Debug|Any CPU.ActiveCfg = Debug|Any CPU
		{00CADDF9-B8F8-43EF-92A4-542823B5F919}.Debug|Any CPU.Build.0 = Debug|Any CPU
		{00CADDF9-B8F8-43EF-92A4-542823B5F919}.Debug|x64.ActiveCfg = Debug|Any CPU
		{00CADDF9-B8F8-43EF-92A4-542823B5F919}.Debug|x64.Build.0 = Debug|Any CPU
		{00CADDF9-B8F8-43EF-92A4-542823B5F919}.Debug|x86.ActiveCfg = Debug|Any CPU
		{00CADDF9-B8F8-43EF-92A4-542823B5F919}.Debug|x86.Build.0 = Debug|Any CPU
		{00CADDF9-B8F8-43EF-92A4-542823B5F919}.Release|Any CPU.ActiveCfg = Release|Any CPU
		{00CADDF9-B8F8-43EF-92A4-542823B5F919}.Release|Any CPU.Build.0 = Release|Any CPU
		{00CADDF9-B8F8-43EF-92A4-542823B5F919}.Release|x64.ActiveCfg = Release|Any CPU
		{00CADDF9-B8F8-43EF-92A4-542823B5F919}.Release|x64.Build.0 = Release|Any CPU
		{00CADDF9-B8F8-43EF-92A4-542823B5F919}.Release|x86.ActiveCfg = Release|Any CPU
		{00CADDF9-B8F8-43EF-92A4-542823B5F919}.Release|x86.Build.0 = Release|Any CPU
		{2470929C-EA74-4275-A258-34BB5B2B67FD}.Debug|Any CPU.ActiveCfg = Debug|Any CPU
		{2470929C-EA74-4275-A258-34BB5B2B67FD}.Debug|Any CPU.Build.0 = Debug|Any CPU
		{2470929C-EA74-4275-A258-34BB5B2B67FD}.Debug|x64.ActiveCfg = Debug|Any CPU
		{2470929C-EA74-4275-A258-34BB5B2B67FD}.Debug|x64.Build.0 = Debug|Any CPU
		{2470929C-EA74-4275-A258-34BB5B2B67FD}.Debug|x86.ActiveCfg = Debug|Any CPU
		{2470929C-EA74-4275-A258-34BB5B2B67FD}.Debug|x86.Build.0 = Debug|Any CPU
		{2470929C-EA74-4275-A258-34BB5B2B67FD}.Release|Any CPU.ActiveCfg = Release|Any CPU
		{2470929C-EA74-4275-A258-34BB5B2B67FD}.Release|Any CPU.Build.0 = Release|Any CPU
		{2470929C-EA74-4275-A258-34BB5B2B67FD}.Release|x64.ActiveCfg = Release|Any CPU
		{2470929C-EA74-4275-A258-34BB5B2B67FD}.Release|x64.Build.0 = Release|Any CPU
		{2470929C-EA74-4275-A258-34BB5B2B67FD}.Release|x86.ActiveCfg = Release|Any CPU
		{2470929C-EA74-4275-A258-34BB5B2B67FD}.Release|x86.Build.0 = Release|Any CPU
		{59FE4CC4-7BCC-4CF3-83C4-B4DFC07E0714}.Debug|Any CPU.ActiveCfg = Debug|Any CPU
		{59FE4CC4-7BCC-4CF3-83C4-B4DFC07E0714}.Debug|Any CPU.Build.0 = Debug|Any CPU
		{59FE4CC4-7BCC-4CF3-83C4-B4DFC07E0714}.Debug|x64.ActiveCfg = Debug|Any CPU
		{59FE4CC4-7BCC-4CF3-83C4-B4DFC07E0714}.Debug|x64.Build.0 = Debug|Any CPU
		{59FE4CC4-7BCC-4CF3-83C4-B4DFC07E0714}.Debug|x86.ActiveCfg = Debug|Any CPU
		{59FE4CC4-7BCC-4CF3-83C4-B4DFC07E0714}.Debug|x86.Build.0 = Debug|Any CPU
		{59FE4CC4-7BCC-4CF3-83C4-B4DFC07E0714}.Release|Any CPU.ActiveCfg = Release|Any CPU
		{59FE4CC4-7BCC-4CF3-83C4-B4DFC07E0714}.Release|Any CPU.Build.0 = Release|Any CPU
		{59FE4CC4-7BCC-4CF3-83C4-B4DFC07E0714}.Release|x64.ActiveCfg = Release|Any CPU
		{59FE4CC4-7BCC-4CF3-83C4-B4DFC07E0714}.Release|x64.Build.0 = Release|Any CPU
		{59FE4CC4-7BCC-4CF3-83C4-B4DFC07E0714}.Release|x86.ActiveCfg = Release|Any CPU
		{59FE4CC4-7BCC-4CF3-83C4-B4DFC07E0714}.Release|x86.Build.0 = Release|Any CPU
		{DF9A0E49-A749-4114-B7E5-5A0FEA614C51}.Debug|Any CPU.ActiveCfg = Debug|Any CPU
		{DF9A0E49-A749-4114-B7E5-5A0FEA614C51}.Debug|Any CPU.Build.0 = Debug|Any CPU
		{DF9A0E49-A749-4114-B7E5-5A0FEA614C51}.Debug|x64.ActiveCfg = Debug|Any CPU
		{DF9A0E49-A749-4114-B7E5-5A0FEA614C51}.Debug|x64.Build.0 = Debug|Any CPU
		{DF9A0E49-A749-4114-B7E5-5A0FEA614C51}.Debug|x86.ActiveCfg = Debug|Any CPU
		{DF9A0E49-A749-4114-B7E5-5A0FEA614C51}.Debug|x86.Build.0 = Debug|Any CPU
		{DF9A0E49-A749-4114-B7E5-5A0FEA614C51}.Release|Any CPU.ActiveCfg = Release|Any CPU
		{DF9A0E49-A749-4114-B7E5-5A0FEA614C51}.Release|Any CPU.Build.0 = Release|Any CPU
		{DF9A0E49-A749-4114-B7E5-5A0FEA614C51}.Release|x64.ActiveCfg = Release|Any CPU
		{DF9A0E49-A749-4114-B7E5-5A0FEA614C51}.Release|x64.Build.0 = Release|Any CPU
		{DF9A0E49-A749-4114-B7E5-5A0FEA614C51}.Release|x86.ActiveCfg = Release|Any CPU
		{DF9A0E49-A749-4114-B7E5-5A0FEA614C51}.Release|x86.Build.0 = Release|Any CPU
		{E155AA07-9A80-463C-8E77-08C8214F024B}.Debug|Any CPU.ActiveCfg = Debug|Any CPU
		{E155AA07-9A80-463C-8E77-08C8214F024B}.Debug|Any CPU.Build.0 = Debug|Any CPU
		{E155AA07-9A80-463C-8E77-08C8214F024B}.Debug|x64.ActiveCfg = Debug|Any CPU
		{E155AA07-9A80-463C-8E77-08C8214F024B}.Debug|x64.Build.0 = Debug|Any CPU
		{E155AA07-9A80-463C-8E77-08C8214F024B}.Debug|x86.ActiveCfg = Debug|Any CPU
		{E155AA07-9A80-463C-8E77-08C8214F024B}.Debug|x86.Build.0 = Debug|Any CPU
		{E155AA07-9A80-463C-8E77-08C8214F024B}.Release|Any CPU.ActiveCfg = Release|Any CPU
		{E155AA07-9A80-463C-8E77-08C8214F024B}.Release|Any CPU.Build.0 = Release|Any CPU
		{E155AA07-9A80-463C-8E77-08C8214F024B}.Release|x64.ActiveCfg = Release|Any CPU
		{E155AA07-9A80-463C-8E77-08C8214F024B}.Release|x64.Build.0 = Release|Any CPU
		{E155AA07-9A80-463C-8E77-08C8214F024B}.Release|x86.ActiveCfg = Release|Any CPU
		{E155AA07-9A80-463C-8E77-08C8214F024B}.Release|x86.Build.0 = Release|Any CPU
		{30CDCB6C-627E-418E-A19E-DBA3847ADB28}.Debug|Any CPU.ActiveCfg = Debug|Any CPU
		{30CDCB6C-627E-418E-A19E-DBA3847ADB28}.Debug|Any CPU.Build.0 = Debug|Any CPU
		{30CDCB6C-627E-418E-A19E-DBA3847ADB28}.Debug|x64.ActiveCfg = Debug|Any CPU
		{30CDCB6C-627E-418E-A19E-DBA3847ADB28}.Debug|x64.Build.0 = Debug|Any CPU
		{30CDCB6C-627E-418E-A19E-DBA3847ADB28}.Debug|x86.ActiveCfg = Debug|Any CPU
		{30CDCB6C-627E-418E-A19E-DBA3847ADB28}.Debug|x86.Build.0 = Debug|Any CPU
		{30CDCB6C-627E-418E-A19E-DBA3847ADB28}.Release|Any CPU.ActiveCfg = Release|Any CPU
		{30CDCB6C-627E-418E-A19E-DBA3847ADB28}.Release|Any CPU.Build.0 = Release|Any CPU
		{30CDCB6C-627E-418E-A19E-DBA3847ADB28}.Release|x64.ActiveCfg = Release|Any CPU
		{30CDCB6C-627E-418E-A19E-DBA3847ADB28}.Release|x64.Build.0 = Release|Any CPU
		{30CDCB6C-627E-418E-A19E-DBA3847ADB28}.Release|x86.ActiveCfg = Release|Any CPU
		{30CDCB6C-627E-418E-A19E-DBA3847ADB28}.Release|x86.Build.0 = Release|Any CPU
		{059CA671-88D5-4522-BCC7-BF74DC0D5E76}.Debug|Any CPU.ActiveCfg = Debug|Any CPU
		{059CA671-88D5-4522-BCC7-BF74DC0D5E76}.Debug|Any CPU.Build.0 = Debug|Any CPU
		{059CA671-88D5-4522-BCC7-BF74DC0D5E76}.Debug|x64.ActiveCfg = Debug|Any CPU
		{059CA671-88D5-4522-BCC7-BF74DC0D5E76}.Debug|x64.Build.0 = Debug|Any CPU
		{059CA671-88D5-4522-BCC7-BF74DC0D5E76}.Debug|x86.ActiveCfg = Debug|Any CPU
		{059CA671-88D5-4522-BCC7-BF74DC0D5E76}.Debug|x86.Build.0 = Debug|Any CPU
		{059CA671-88D5-4522-BCC7-BF74DC0D5E76}.Release|Any CPU.ActiveCfg = Release|Any CPU
		{059CA671-88D5-4522-BCC7-BF74DC0D5E76}.Release|Any CPU.Build.0 = Release|Any CPU
		{059CA671-88D5-4522-BCC7-BF74DC0D5E76}.Release|x64.ActiveCfg = Release|Any CPU
		{059CA671-88D5-4522-BCC7-BF74DC0D5E76}.Release|x64.Build.0 = Release|Any CPU
		{059CA671-88D5-4522-BCC7-BF74DC0D5E76}.Release|x86.ActiveCfg = Release|Any CPU
		{059CA671-88D5-4522-BCC7-BF74DC0D5E76}.Release|x86.Build.0 = Release|Any CPU
	EndGlobalSection
	GlobalSection(SolutionProperties) = preSolution
		HideSolutionNode = FALSE
	EndGlobalSection
	GlobalSection(NestedProjects) = preSolution
		{2DA2AA16-9266-48CE-8EDE-088BBF83A70C} = {6519DE43-5391-45BE-9436-5366955616B1}
		{C05E5C78-0DE2-4D86-A1CA-5421CD6B4F47} = {4643D67F-F9F7-4E6C-B5FC-F4ABED43357B}
		{F647F50B-08E6-4E82-BB9D-A8E64ECE87E4} = {4643D67F-F9F7-4E6C-B5FC-F4ABED43357B}
		{B89751A3-9DDB-4007-87B7-941AC3453C55} = {4643D67F-F9F7-4E6C-B5FC-F4ABED43357B}
		{DBE972EB-A93A-4242-A5F3-5432BFC4A315} = {4643D67F-F9F7-4E6C-B5FC-F4ABED43357B}
		{59D00D40-290E-4BA1-8D0D-C2A936D66D56} = {4B7F020B-D473-4EBB-A08C-7FA16A47E2CF}
		{FF03696C-70F6-4DC8-B254-3FDF8B55EBD1} = {4B7F020B-D473-4EBB-A08C-7FA16A47E2CF}
		{F18856E0-1DDF-47D8-82BD-547A599F58B1} = {4B7F020B-D473-4EBB-A08C-7FA16A47E2CF}
		{40C448CA-BF56-4C65-9D86-FC58F187525E} = {4B7F020B-D473-4EBB-A08C-7FA16A47E2CF}
		{ABA8683F-B5CE-4AE5-BC35-7AE81C7127EE} = {2DA2AA16-9266-48CE-8EDE-088BBF83A70C}
		{00CADDF9-B8F8-43EF-92A4-542823B5F919} = {2DA2AA16-9266-48CE-8EDE-088BBF83A70C}
		{2470929C-EA74-4275-A258-34BB5B2B67FD} = {6519DE43-5391-45BE-9436-5366955616B1}
		{59FE4CC4-7BCC-4CF3-83C4-B4DFC07E0714} = {6519DE43-5391-45BE-9436-5366955616B1}
		{DF9A0E49-A749-4114-B7E5-5A0FEA614C51} = {6519DE43-5391-45BE-9436-5366955616B1}
		{78FA23E2-57BF-4B94-AAB1-1006FB087701} = {6519DE43-5391-45BE-9436-5366955616B1}
		{D679BDA0-C06D-4115-BAE2-400FB62AFAAE} = {6519DE43-5391-45BE-9436-5366955616B1}
		{D3CD0FF5-3E05-4725-B1FF-EC50AECE68C6} = {539CC126-2D54-4390-BB41-BD2EF03842C0}
		{E155AA07-9A80-463C-8E77-08C8214F024B} = {539CC126-2D54-4390-BB41-BD2EF03842C0}
		{30CDCB6C-627E-418E-A19E-DBA3847ADB28} = {539CC126-2D54-4390-BB41-BD2EF03842C0}
		{059CA671-88D5-4522-BCC7-BF74DC0D5E76} = {539CC126-2D54-4390-BB41-BD2EF03842C0}
	EndGlobalSection
	GlobalSection(ExtensibilityGlobals) = postSolution
		SolutionGuid = {AE8FFA56-A385-4D18-8E81-93227E276884}
	EndGlobalSection
EndGlobal
