
Microsoft Visual Studio Solution File, Format Version 12.00
# Visual Studio Version 16
VisualStudioVersion = 16.0.29424.173
MinimumVisualStudioVersion = 15.0.26124.0
Project("{2150E333-8FDC-42A3-9474-1A3956D46DE8}") = "Solution Items", "Solution Items", "{69CCCCD4-B3BF-4882-8B20-AC3548E642A4}"
	ProjectSection(SolutionItems) = preProject
		LICENSE.md = LICENSE.md
		push.cmd = push.cmd
		README-CN.md = README-CN.md
		README.md = README.md
	EndProjectSection
EndProject
Project("{9A19103F-16F7-4668-BE54-9A1E7A4F7556}") = "TestDatabaseInitializer", "TestDatabaseInitializer\TestDatabaseInitializer.csproj", "{AA889C03-A55E-42E9-8034-36C205AB1444}"
EndProject
Project("{D954291E-2A0B-460D-934E-DC6B0785DB48}") = "LinqSharpCore", "LinqSharpCore\LinqSharpCore.shproj", "{7C303C8C-7081-4686-9320-2C52F159531E}"
EndProject
Project("{D954291E-2A0B-460D-934E-DC6B0785DB48}") = "LinqSharpCore.Test", "LinqSharpCore.Test\LinqSharpCore.Test.shproj", "{F02DA5E9-7DA3-4154-B301-9BD32632B0ED}"
EndProject
Project("{9A19103F-16F7-4668-BE54-9A1E7A4F7556}") = "LinqSharp.Test", "LinqSharp.Test\LinqSharp.Test.csproj", "{3591C076-F056-4D2C-BA92-95B532DBE67F}"
EndProject
Project("{9A19103F-16F7-4668-BE54-9A1E7A4F7556}") = "LinqSharp - EF2.x", "LinqSharp - EF2.x\LinqSharp - EF2.x.csproj", "{6A17C06D-09B8-48B1-B323-F0ED2E8A15E7}"
EndProject
Project("{9A19103F-16F7-4668-BE54-9A1E7A4F7556}") = "LinqSharp.Test - EF3.0", "LinqSharp.Test - EF3.0\LinqSharp.Test - EF3.0.csproj", "{B4BE84AD-08FE-4251-B79C-3D88DAB97EB9}"
EndProject
Project("{9A19103F-16F7-4668-BE54-9A1E7A4F7556}") = "LinqSharp.Test - EF2.x", "LinqSharp.Test - EF2.x\LinqSharp.Test - EF2.x.csproj", "{8A767E5B-2BE5-402B-95CB-8F8F2A12EB59}"
EndProject
Project("{9A19103F-16F7-4668-BE54-9A1E7A4F7556}") = "dotnet-orm", "dotnet-orm\dotnet-orm.csproj", "{169DD0CA-A26D-4EBE-AF62-E2CF944764D6}"
EndProject
Project("{9A19103F-16F7-4668-BE54-9A1E7A4F7556}") = "LinqSharp", "LinqSharp\LinqSharp.csproj", "{6596A5A0-6148-4DA8-BAAD-5FA47533C264}"
EndProject
Global
	GlobalSection(SharedMSBuildProjectFiles) = preSolution
		LinqSharpCore.Test\LinqSharpCore.Test.projitems*{3591c076-f056-4d2c-ba92-95b532dbe67f}*SharedItemsImports = 5
		LinqSharpCore\LinqSharpCore.projitems*{6596a5a0-6148-4da8-baad-5fa47533c264}*SharedItemsImports = 5
		LinqSharpCore\LinqSharpCore.projitems*{6a17c06d-09b8-48b1-b323-f0ed2e8a15e7}*SharedItemsImports = 5
		LinqSharpCore\LinqSharpCore.projitems*{7c303c8c-7081-4686-9320-2c52f159531e}*SharedItemsImports = 13
		LinqSharpCore.Test\LinqSharpCore.Test.projitems*{8a767e5b-2be5-402b-95cb-8f8f2a12eb59}*SharedItemsImports = 5
		LinqSharpCore.Test\LinqSharpCore.Test.projitems*{b4be84ad-08fe-4251-b79c-3d88dab97eb9}*SharedItemsImports = 5
		LinqSharpCore.Test\LinqSharpCore.Test.projitems*{f02da5e9-7da3-4154-b301-9bd32632b0ed}*SharedItemsImports = 13
	EndGlobalSection
	GlobalSection(SolutionConfigurationPlatforms) = preSolution
		Debug|Any CPU = Debug|Any CPU
		Debug|x64 = Debug|x64
		Debug|x86 = Debug|x86
		Release|Any CPU = Release|Any CPU
		Release|x64 = Release|x64
		Release|x86 = Release|x86
	EndGlobalSection
	GlobalSection(ProjectConfigurationPlatforms) = postSolution
		{AA889C03-A55E-42E9-8034-36C205AB1444}.Debug|Any CPU.ActiveCfg = Debug|Any CPU
		{AA889C03-A55E-42E9-8034-36C205AB1444}.Debug|Any CPU.Build.0 = Debug|Any CPU
		{AA889C03-A55E-42E9-8034-36C205AB1444}.Debug|x64.ActiveCfg = Debug|Any CPU
		{AA889C03-A55E-42E9-8034-36C205AB1444}.Debug|x64.Build.0 = Debug|Any CPU
		{AA889C03-A55E-42E9-8034-36C205AB1444}.Debug|x86.ActiveCfg = Debug|Any CPU
		{AA889C03-A55E-42E9-8034-36C205AB1444}.Debug|x86.Build.0 = Debug|Any CPU
		{AA889C03-A55E-42E9-8034-36C205AB1444}.Release|Any CPU.ActiveCfg = Release|Any CPU
		{AA889C03-A55E-42E9-8034-36C205AB1444}.Release|Any CPU.Build.0 = Release|Any CPU
		{AA889C03-A55E-42E9-8034-36C205AB1444}.Release|x64.ActiveCfg = Release|Any CPU
		{AA889C03-A55E-42E9-8034-36C205AB1444}.Release|x64.Build.0 = Release|Any CPU
		{AA889C03-A55E-42E9-8034-36C205AB1444}.Release|x86.ActiveCfg = Release|Any CPU
		{AA889C03-A55E-42E9-8034-36C205AB1444}.Release|x86.Build.0 = Release|Any CPU
		{3591C076-F056-4D2C-BA92-95B532DBE67F}.Debug|Any CPU.ActiveCfg = Debug|Any CPU
		{3591C076-F056-4D2C-BA92-95B532DBE67F}.Debug|Any CPU.Build.0 = Debug|Any CPU
		{3591C076-F056-4D2C-BA92-95B532DBE67F}.Debug|x64.ActiveCfg = Debug|Any CPU
		{3591C076-F056-4D2C-BA92-95B532DBE67F}.Debug|x64.Build.0 = Debug|Any CPU
		{3591C076-F056-4D2C-BA92-95B532DBE67F}.Debug|x86.ActiveCfg = Debug|Any CPU
		{3591C076-F056-4D2C-BA92-95B532DBE67F}.Debug|x86.Build.0 = Debug|Any CPU
		{3591C076-F056-4D2C-BA92-95B532DBE67F}.Release|Any CPU.ActiveCfg = Release|Any CPU
		{3591C076-F056-4D2C-BA92-95B532DBE67F}.Release|Any CPU.Build.0 = Release|Any CPU
		{3591C076-F056-4D2C-BA92-95B532DBE67F}.Release|x64.ActiveCfg = Release|Any CPU
		{3591C076-F056-4D2C-BA92-95B532DBE67F}.Release|x64.Build.0 = Release|Any CPU
		{3591C076-F056-4D2C-BA92-95B532DBE67F}.Release|x86.ActiveCfg = Release|Any CPU
		{3591C076-F056-4D2C-BA92-95B532DBE67F}.Release|x86.Build.0 = Release|Any CPU
		{6A17C06D-09B8-48B1-B323-F0ED2E8A15E7}.Debug|Any CPU.ActiveCfg = Debug|Any CPU
		{6A17C06D-09B8-48B1-B323-F0ED2E8A15E7}.Debug|Any CPU.Build.0 = Debug|Any CPU
		{6A17C06D-09B8-48B1-B323-F0ED2E8A15E7}.Debug|x64.ActiveCfg = Debug|Any CPU
		{6A17C06D-09B8-48B1-B323-F0ED2E8A15E7}.Debug|x64.Build.0 = Debug|Any CPU
		{6A17C06D-09B8-48B1-B323-F0ED2E8A15E7}.Debug|x86.ActiveCfg = Debug|Any CPU
		{6A17C06D-09B8-48B1-B323-F0ED2E8A15E7}.Debug|x86.Build.0 = Debug|Any CPU
		{6A17C06D-09B8-48B1-B323-F0ED2E8A15E7}.Release|Any CPU.ActiveCfg = Release|Any CPU
		{6A17C06D-09B8-48B1-B323-F0ED2E8A15E7}.Release|Any CPU.Build.0 = Release|Any CPU
		{6A17C06D-09B8-48B1-B323-F0ED2E8A15E7}.Release|x64.ActiveCfg = Release|Any CPU
		{6A17C06D-09B8-48B1-B323-F0ED2E8A15E7}.Release|x64.Build.0 = Release|Any CPU
		{6A17C06D-09B8-48B1-B323-F0ED2E8A15E7}.Release|x86.ActiveCfg = Release|Any CPU
		{6A17C06D-09B8-48B1-B323-F0ED2E8A15E7}.Release|x86.Build.0 = Release|Any CPU
		{B4BE84AD-08FE-4251-B79C-3D88DAB97EB9}.Debug|Any CPU.ActiveCfg = Debug|Any CPU
		{B4BE84AD-08FE-4251-B79C-3D88DAB97EB9}.Debug|Any CPU.Build.0 = Debug|Any CPU
		{B4BE84AD-08FE-4251-B79C-3D88DAB97EB9}.Debug|x64.ActiveCfg = Debug|Any CPU
		{B4BE84AD-08FE-4251-B79C-3D88DAB97EB9}.Debug|x64.Build.0 = Debug|Any CPU
		{B4BE84AD-08FE-4251-B79C-3D88DAB97EB9}.Debug|x86.ActiveCfg = Debug|Any CPU
		{B4BE84AD-08FE-4251-B79C-3D88DAB97EB9}.Debug|x86.Build.0 = Debug|Any CPU
		{B4BE84AD-08FE-4251-B79C-3D88DAB97EB9}.Release|Any CPU.ActiveCfg = Release|Any CPU
		{B4BE84AD-08FE-4251-B79C-3D88DAB97EB9}.Release|Any CPU.Build.0 = Release|Any CPU
		{B4BE84AD-08FE-4251-B79C-3D88DAB97EB9}.Release|x64.ActiveCfg = Release|Any CPU
		{B4BE84AD-08FE-4251-B79C-3D88DAB97EB9}.Release|x64.Build.0 = Release|Any CPU
		{B4BE84AD-08FE-4251-B79C-3D88DAB97EB9}.Release|x86.ActiveCfg = Release|Any CPU
		{B4BE84AD-08FE-4251-B79C-3D88DAB97EB9}.Release|x86.Build.0 = Release|Any CPU
		{8A767E5B-2BE5-402B-95CB-8F8F2A12EB59}.Debug|Any CPU.ActiveCfg = Debug|Any CPU
		{8A767E5B-2BE5-402B-95CB-8F8F2A12EB59}.Debug|Any CPU.Build.0 = Debug|Any CPU
		{8A767E5B-2BE5-402B-95CB-8F8F2A12EB59}.Debug|x64.ActiveCfg = Debug|Any CPU
		{8A767E5B-2BE5-402B-95CB-8F8F2A12EB59}.Debug|x64.Build.0 = Debug|Any CPU
		{8A767E5B-2BE5-402B-95CB-8F8F2A12EB59}.Debug|x86.ActiveCfg = Debug|Any CPU
		{8A767E5B-2BE5-402B-95CB-8F8F2A12EB59}.Debug|x86.Build.0 = Debug|Any CPU
		{8A767E5B-2BE5-402B-95CB-8F8F2A12EB59}.Release|Any CPU.ActiveCfg = Release|Any CPU
		{8A767E5B-2BE5-402B-95CB-8F8F2A12EB59}.Release|Any CPU.Build.0 = Release|Any CPU
		{8A767E5B-2BE5-402B-95CB-8F8F2A12EB59}.Release|x64.ActiveCfg = Release|Any CPU
		{8A767E5B-2BE5-402B-95CB-8F8F2A12EB59}.Release|x64.Build.0 = Release|Any CPU
		{8A767E5B-2BE5-402B-95CB-8F8F2A12EB59}.Release|x86.ActiveCfg = Release|Any CPU
		{8A767E5B-2BE5-402B-95CB-8F8F2A12EB59}.Release|x86.Build.0 = Release|Any CPU
		{169DD0CA-A26D-4EBE-AF62-E2CF944764D6}.Debug|Any CPU.ActiveCfg = Debug|Any CPU
		{169DD0CA-A26D-4EBE-AF62-E2CF944764D6}.Debug|Any CPU.Build.0 = Debug|Any CPU
		{169DD0CA-A26D-4EBE-AF62-E2CF944764D6}.Debug|x64.ActiveCfg = Debug|Any CPU
		{169DD0CA-A26D-4EBE-AF62-E2CF944764D6}.Debug|x64.Build.0 = Debug|Any CPU
		{169DD0CA-A26D-4EBE-AF62-E2CF944764D6}.Debug|x86.ActiveCfg = Debug|Any CPU
		{169DD0CA-A26D-4EBE-AF62-E2CF944764D6}.Debug|x86.Build.0 = Debug|Any CPU
		{169DD0CA-A26D-4EBE-AF62-E2CF944764D6}.Release|Any CPU.ActiveCfg = Release|Any CPU
		{169DD0CA-A26D-4EBE-AF62-E2CF944764D6}.Release|Any CPU.Build.0 = Release|Any CPU
		{169DD0CA-A26D-4EBE-AF62-E2CF944764D6}.Release|x64.ActiveCfg = Release|Any CPU
		{169DD0CA-A26D-4EBE-AF62-E2CF944764D6}.Release|x64.Build.0 = Release|Any CPU
		{169DD0CA-A26D-4EBE-AF62-E2CF944764D6}.Release|x86.ActiveCfg = Release|Any CPU
		{169DD0CA-A26D-4EBE-AF62-E2CF944764D6}.Release|x86.Build.0 = Release|Any CPU
		{6596A5A0-6148-4DA8-BAAD-5FA47533C264}.Debug|Any CPU.ActiveCfg = Debug|Any CPU
		{6596A5A0-6148-4DA8-BAAD-5FA47533C264}.Debug|Any CPU.Build.0 = Debug|Any CPU
		{6596A5A0-6148-4DA8-BAAD-5FA47533C264}.Debug|x64.ActiveCfg = Debug|Any CPU
		{6596A5A0-6148-4DA8-BAAD-5FA47533C264}.Debug|x64.Build.0 = Debug|Any CPU
		{6596A5A0-6148-4DA8-BAAD-5FA47533C264}.Debug|x86.ActiveCfg = Debug|Any CPU
		{6596A5A0-6148-4DA8-BAAD-5FA47533C264}.Debug|x86.Build.0 = Debug|Any CPU
		{6596A5A0-6148-4DA8-BAAD-5FA47533C264}.Release|Any CPU.ActiveCfg = Release|Any CPU
		{6596A5A0-6148-4DA8-BAAD-5FA47533C264}.Release|Any CPU.Build.0 = Release|Any CPU
		{6596A5A0-6148-4DA8-BAAD-5FA47533C264}.Release|x64.ActiveCfg = Release|Any CPU
		{6596A5A0-6148-4DA8-BAAD-5FA47533C264}.Release|x64.Build.0 = Release|Any CPU
		{6596A5A0-6148-4DA8-BAAD-5FA47533C264}.Release|x86.ActiveCfg = Release|Any CPU
		{6596A5A0-6148-4DA8-BAAD-5FA47533C264}.Release|x86.Build.0 = Release|Any CPU
	EndGlobalSection
	GlobalSection(SolutionProperties) = preSolution
		HideSolutionNode = FALSE
	EndGlobalSection
	GlobalSection(ExtensibilityGlobals) = postSolution
		SolutionGuid = {AE8FFA56-A385-4D18-8E81-93227E276884}
	EndGlobalSection
EndGlobal
